// This lockfile was autogenerated by Pants. To regenerate, run:
//
//    ./pants generate-lockfiles --resolve=python-default
//
// --- BEGIN PANTS LOCKFILE METADATA: DO NOT EDIT OR REMOVE ---
// {
//   "version": 3,
//   "valid_for_interpreter_constraints": [
//     "CPython<3.10,>=3.9"
//   ],
//   "generated_with_requirements": [
//     "click",
//     "pantsbuild.pants==2.12.1",
//     "underpants"
//   ],
//   "manylinux": "manylinux2014",
//   "requirement_constraints": [],
//   "only_binary": [],
//   "no_binary": []
// }
// --- END PANTS LOCKFILE METADATA ---

{
  "allow_builds": true,
  "allow_prereleases": false,
  "allow_wheels": true,
  "build_isolation": true,
  "constraints": [],
  "locked_resolves": [
    {
      "locked_requirements": [
        {
          "artifacts": [
            {
              "algorithm": "sha256",
              "hash": "00d2dde5a675579325902536738dd27e4fac1fd68f773fe36c21044eb559e187",
              "url": "https://files.pythonhosted.org/packages/53/18/a56e2fe47b259bb52201093a3a9d4a32014f9d85071ad07e9d60600890ca/ansicolors-1.1.8-py2.py3-none-any.whl"
            },
            {
              "algorithm": "sha256",
              "hash": "99f94f5e3348a0bcd43c82e5fc4414013ccc19d70bd939ad71e0133ce9c372e0",
              "url": "https://files.pythonhosted.org/packages/76/31/7faed52088732704523c259e24c26ce6f2f33fbeff2ff59274560c27628e/ansicolors-1.1.8.zip"
            }
          ],
          "project_name": "ansicolors",
          "requires_dists": [],
          "requires_python": null,
          "version": "1.1.8"
        },
        {
          "artifacts": [
            {
              "algorithm": "sha256",
              "hash": "90c1a32f1d68f940488354e36370f6cca89f0f106db09518524c88d6ed83f382",
              "url": "https://files.pythonhosted.org/packages/1d/38/fa96a426e0c0e68aabc68e896584b83ad1eec779265a028e156ce509630e/certifi-2022.9.24-py3-none-any.whl"
            },
            {
              "algorithm": "sha256",
              "hash": "0d9c601124e5a6ba9712dbc60d9c53c21e34f5f641fe83002317394311bdce14",
              "url": "https://files.pythonhosted.org/packages/cb/a4/7de7cd59e429bd0ee6521ba58a75adaec136d32f91a761b28a11d8088d44/certifi-2022.9.24.tar.gz"
            }
          ],
          "project_name": "certifi",
          "requires_dists": [],
          "requires_python": ">=3.6",
          "version": "2022.9.24"
        },
        {
          "artifacts": [
            {
              "algorithm": "sha256",
              "hash": "83e9a75d1911279afd89352c68b45348559d1fc0506b054b346651b5e7fee29f",
              "url": "https://files.pythonhosted.org/packages/db/51/a507c856293ab05cdc1db77ff4bc1268ddd39f29e7dc4919aa497f0adbec/charset_normalizer-2.1.1-py3-none-any.whl"
            },
            {
              "algorithm": "sha256",
              "hash": "5a3d016c7c547f69d6f81fb0db9449ce888b418b5b9952cc5e6e66843e9dd845",
              "url": "https://files.pythonhosted.org/packages/a1/34/44964211e5410b051e4b8d2869c470ae8a68ae274953b1c7de6d98bbcf94/charset-normalizer-2.1.1.tar.gz"
            }
          ],
          "project_name": "charset-normalizer",
          "requires_dists": [
            "unicodedata2; extra == \"unicode_backport\""
          ],
          "requires_python": ">=3.6.0",
          "version": "2.1.1"
        },
        {
          "artifacts": [
            {
              "algorithm": "sha256",
              "hash": "bb4d8133cb15a609f44e8213d9b391b0809795062913b383c62be0ee95b1db48",
              "url": "https://files.pythonhosted.org/packages/c2/f1/df59e28c642d583f7dacffb1e0965d0e00b218e0186d7858ac5233dce840/click-8.1.3-py3-none-any.whl"
            },
            {
              "algorithm": "sha256",
              "hash": "7682dc8afb30297001674575ea00d1814d808d6a36af415a82bd481d37ba7b8e",
              "url": "https://files.pythonhosted.org/packages/59/87/84326af34517fca8c58418d148f2403df25303e02736832403587318e9e8/click-8.1.3.tar.gz"
            }
          ],
          "project_name": "click",
          "requires_dists": [
            "colorama; platform_system == \"Windows\"",
            "importlib-metadata; python_version < \"3.8\""
          ],
          "requires_python": ">=3.7",
          "version": "8.1.3"
        },
        {
          "artifacts": [
            {
              "algorithm": "sha256",
              "hash": "8408e52656455977053871990bd25824d85803b9417aa348f10ba29ef0c751f7",
              "url": "https://files.pythonhosted.org/packages/31/91/6630ebd169ca170634ca8a10dfcc5f5c11b0621672d4c2c9e40381c6d81a/fasteners-0.16.3-py2.py3-none-any.whl"
            },
            {
              "algorithm": "sha256",
              "hash": "b1ab4e5adfbc28681ce44b3024421c4f567e705cc3963c732bf1cba3348307de",
              "url": "https://files.pythonhosted.org/packages/28/e4/2888d41cdbd405828ccdb9a8536c5919939c2f4c6ab9b2ba63e9bd2570d5/fasteners-0.16.3.tar.gz"
            }
          ],
          "project_name": "fasteners",
          "requires_dists": [
            "monotonic>=0.1; python_version < \"3.4\"",
            "six"
          ],
          "requires_python": null,
          "version": "0.16.3"
        },
        {
          "artifacts": [
            {
              "algorithm": "sha256",
              "hash": "dec2871ce3ba9c9c176be837ea6c53d6001d1c15c7102620a8f58998fa01519c",
              "url": "https://files.pythonhosted.org/packages/91/b9/79394ac8c0289802a767231080fb7d9e4474508ec1572d880be939d54406/humbug-0.2.7-py3-none-any.whl"
            },
            {
              "algorithm": "sha256",
              "hash": "ee85cd404b138dd7fdb30e499bb9f10298c1f28acc76b6386a182a177b8f88a3",
              "url": "https://files.pythonhosted.org/packages/b7/42/a0d2c78e8b1d0df37a79964d8f381c8fd5136ef5e16361d0d0986944364e/humbug-0.2.7.tar.gz"
            }
          ],
          "project_name": "humbug",
          "requires_dists": [
            "black; extra == \"dev\"",
            "dataclasses; python_version == \"3.6\"",
            "mypy; extra == \"dev\"",
            "requests",
            "setuptools; extra == \"distribute\"",
            "twine; extra == \"distribute\"",
            "types-dataclasses; extra == \"dev\"",
            "types-pkg-resources; extra == \"dev\"",
            "types-requests; extra == \"dev\"",
            "wheel; extra == \"dev\"",
            "wheel; extra == \"distribute\""
          ],
          "requires_python": null,
          "version": "0.2.7"
        },
        {
          "artifacts": [
            {
              "algorithm": "sha256",
              "hash": "90b77e79eaa3eba6de819a0c442c0b4ceefc341a7a2ab77d7562bf49f425c5c2",
              "url": "https://files.pythonhosted.org/packages/fc/34/3030de6f1370931b9dbb4dad48f6ab1015ab1d32447850b9fc94e60097be/idna-3.4-py3-none-any.whl"
            },
            {
              "algorithm": "sha256",
              "hash": "814f528e8dead7d329833b91c5faa87d60bf71824cd12a7530b5526063d02cb4",
              "url": "https://files.pythonhosted.org/packages/8b/e1/43beb3d38dba6cb420cefa297822eac205a277ab43e5ba5d5c46faf96438/idna-3.4.tar.gz"
            }
          ],
          "project_name": "idna",
          "requires_dists": [],
          "requires_python": ">=3.5",
          "version": "3.4"
        },
        {
          "artifacts": [
            {
              "algorithm": "sha256",
              "hash": "d17fd199f0d0a4ab6e0d541b4eec1b68b5bd5bb5d8104521e22243015b51049b",
              "url": "https://files.pythonhosted.org/packages/aa/5e/46ce46d2b0386c42b02a640141bd9f2554137c880e1c6e0ff5abab4a2683/ijson-3.1.4-cp39-cp39-manylinux2014_aarch64.whl"
            },
            {
              "algorithm": "sha256",
              "hash": "297f26f27a04cd0d0a2f865d154090c48ea11b239cabe0a17a6c65f0314bd1ca",
              "url": "https://files.pythonhosted.org/packages/19/8d/1b513b2fe104252f17ca5ba8c13e00d5815ebd48a3d10ef8cd5ba5a5e355/ijson-3.1.4-cp39-cp39-manylinux1_x86_64.whl"
            },
            {
              "algorithm": "sha256",
              "hash": "b8ee7dbb07cec9ba29d60cfe4954b3cc70adb5f85bba1f72225364b59c1cf82b",
              "url": "https://files.pythonhosted.org/packages/37/be/640cfe9072c9abfa53e676eaa4674063fff8f7264735778734fcc00ad84c/ijson-3.1.4-cp39-cp39-macosx_10_9_x86_64.whl"
            },
            {
              "algorithm": "sha256",
              "hash": "2a64c66a08f56ed45a805691c2fd2e1caef00edd6ccf4c4e5eff02cd94ad8364",
              "url": "https://files.pythonhosted.org/packages/8d/44/c30dd1a23b80efefe6cfd1942131faba7fa1a97d932d464afade148e0613/ijson-3.1.4-cp39-cp39-manylinux2010_x86_64.whl"
            },
            {
              "algorithm": "sha256",
              "hash": "1d1003ae3c6115ec9b587d29dd136860a81a23c7626b682e2b5b12c9fd30e4ea",
              "url": "https://files.pythonhosted.org/packages/a8/da/f4b5fda308b60c6c31aa4203f20133a3b5b472e41c0907bc14b7c555cde2/ijson-3.1.4.tar.gz"
            },
            {
              "algorithm": "sha256",
              "hash": "9239973100338a4138d09d7a4602bd289861e553d597cd67390c33bfc452253e",
              "url": "https://files.pythonhosted.org/packages/cb/71/a3b3e9c31675b5fb806b61d1af45abb71cb0f03d581511b2f3fd03e53f7c/ijson-3.1.4-cp39-cp39-manylinux2010_i686.whl"
            },
            {
              "algorithm": "sha256",
              "hash": "d9e01c55d501e9c3d686b6ee3af351c9c0c8c3e45c5576bd5601bee3e1300b09",
              "url": "https://files.pythonhosted.org/packages/d3/fc/ea957e287a07340c3e5c7c56bb32832def3e811ac5ae0399c7d4cbcaa458/ijson-3.1.4-cp39-cp39-manylinux1_i686.whl"
            }
          ],
          "project_name": "ijson",
          "requires_dists": [],
          "requires_python": null,
          "version": "3.1.4"
        },
        {
          "artifacts": [
            {
              "algorithm": "sha256",
              "hash": "ef103e05f519cdc783ae24ea4e2e0f508a9c99b2d4969652eed6a2e1ea5bd522",
              "url": "https://files.pythonhosted.org/packages/05/8e/8de486cbd03baba4deef4142bd643a3e7bbe954a784dc1bb17142572d127/packaging-21.3-py3-none-any.whl"
            },
            {
              "algorithm": "sha256",
              "hash": "dd47c42927d89ab911e606518907cc2d3a1f38bbd026385970643f9c5b8ecfeb",
              "url": "https://files.pythonhosted.org/packages/df/9e/d1a7217f69310c1db8fdf8ab396229f55a699ce34a203691794c5d1cad0c/packaging-21.3.tar.gz"
            }
          ],
          "project_name": "packaging",
          "requires_dists": [
            "pyparsing!=3.0.5,>=2.0.2"
          ],
          "requires_python": ">=3.6",
          "version": "21.3"
        },
        {
          "artifacts": [
            {
              "algorithm": "sha256",
              "hash": "e0c51bb2ddb46dfa196633862d7406055d74c1e9130a09672352baf12ae42be2",
              "url": "https://files.pythonhosted.org/packages/ac/53/228622f70a4fa26674dd18fb43c31240b6f02f6562cd5d6e7cd477a79a65/pantsbuild.pants-2.12.1-cp39-cp39-manylinux2014_x86_64.whl"
            },
            {
              "algorithm": "sha256",
              "hash": "4b80988523f562b10d658ddc719206bfd7ed714297e92cf6dce41a2c8fbdcfe2",
              "url": "https://files.pythonhosted.org/packages/bf/5d/232965b7ce95067691ffb2d55023b72af88d3a67417b3904a7cc77d397fe/pantsbuild.pants-2.12.1-cp39-cp39-macosx_11_0_arm64.whl"
            },
            {
              "algorithm": "sha256",
              "hash": "df9fdca9d4d15394c73ce5cd9f14ee189b5f22874db78010ed974dc3fb663883",
              "url": "https://files.pythonhosted.org/packages/ee/bd/9e3fbf7ae6d26f62cda44a50465bd27e39e3d1acf53e8838f2dce324f435/pantsbuild.pants-2.12.1-cp39-cp39-macosx_10_15_x86_64.whl"
            },
            {
              "algorithm": "sha256",
              "hash": "e4525912fb88055de0cc134ba0ef5c226967a67d409bde88ac5675a1b7a37a78",
              "url": "https://files.pythonhosted.org/packages/f3/a9/01b82cfd1a9e2644964bd1c8e536bc47b8bd7b154fd1adaf1c404efbb594/pantsbuild.pants-2.12.1-cp39-cp39-macosx_10_16_x86_64.whl"
            }
          ],
          "project_name": "pantsbuild-pants",
          "requires_dists": [
            "PyYAML<7.0,>=6.0",
            "ansicolors==1.1.8",
            "fasteners==0.16.3",
            "humbug==0.2.7",
            "ijson==3.1.4",
            "packaging==21.3",
            "pex==2.1.90",
            "psutil==5.9.0",
            "python-lsp-jsonrpc==1.0.0",
            "setproctitle==1.2.2",
            "setuptools<58.0,>=56.0.0",
            "toml==0.10.2",
            "types-PyYAML==6.0.3",
            "types-setuptools==57.4.7",
            "types-toml==0.10.3",
            "typing-extensions==4.0.1"
          ],
          "requires_python": "<3.10,>=3.7",
          "version": "2.12.1"
        },
        {
          "artifacts": [
            {
              "algorithm": "sha256",
              "hash": "a1c00bb8ca43a44a76ed2b3c6b9acfd2804630d704c788e41474843d6250fb83",
              "url": "https://files.pythonhosted.org/packages/b6/3b/95bfd873b10b15fb5ea5bcdad444803d4af4d2e3c967ab47d8adbd5c7730/pex-2.1.90-py2.py3-none-any.whl"
            },
            {
              "algorithm": "sha256",
              "hash": "17d929929d59ef44d666383ded7d191cca269acc23d3bb09c505e22953cc9d15",
              "url": "https://files.pythonhosted.org/packages/2b/8e/da8f418efa126a862c3165458777dec24995615f0a1b65c3f7caec1123d8/pex-2.1.90.tar.gz"
            }
          ],
          "project_name": "pex",
          "requires_dists": [
            "subprocess32>=3.2.7; extra == \"subprocess\" and python_version < \"3\""
          ],
          "requires_python": "!=3.0.*,!=3.1.*,!=3.2.*,!=3.3.*,!=3.4.*,<3.12,>=2.7",
          "version": "2.1.90"
        },
        {
          "artifacts": [
            {
              "algorithm": "sha256",
              "hash": "3611e87eea393f779a35b192b46a164b1d01167c9d323dda9b1e527ea69d697d",
              "url": "https://files.pythonhosted.org/packages/c4/35/7cec9647be077784d20913404f914fffd8fe6dfd0673e29f7bd822ac1331/psutil-5.9.0-cp39-cp39-manylinux_2_12_x86_64.manylinux2010_x86_64.manylinux_2_17_x86_64.manylinux2014_x86_64.whl"
            },
            {
              "algorithm": "sha256",
              "hash": "869842dbd66bb80c3217158e629d6fceaecc3a3166d3d1faee515b05dd26ca25",
              "url": "https://files.pythonhosted.org/packages/47/b6/ea8a7728f096a597f0032564e8013b705aa992a0990becd773dcc4d7b4a7/psutil-5.9.0.tar.gz"
            },
            {
              "algorithm": "sha256",
              "hash": "539e429da49c5d27d5a58e3563886057f8fc3868a5547b4f1876d9c0f007bccf",
              "url": "https://files.pythonhosted.org/packages/48/6a/c6e88a5584544033dbb8318c380e7e1e3796e5ac336577eb91dc75bdecd7/psutil-5.9.0-cp39-cp39-macosx_10_9_x86_64.whl"
            },
            {
              "algorithm": "sha256",
              "hash": "58c7d923dc209225600aec73aa2c4ae8ea33b1ab31bc11ef8a5933b027476f07",
              "url": "https://files.pythonhosted.org/packages/f7/b1/82e95f6368dbde6b7e54ea6b18cf8ac3958223540d0bcbde23ba7be19478/psutil-5.9.0-cp39-cp39-manylinux_2_12_i686.manylinux2010_i686.manylinux_2_17_i686.manylinux2014_i686.whl"
            }
          ],
          "project_name": "psutil",
          "requires_dists": [
            "enum34; python_version <= \"3.4\" and extra == \"test\"",
            "ipaddress; python_version < \"3.0\" and extra == \"test\"",
            "mock; python_version < \"3.0\" and extra == \"test\"",
            "pywin32; sys_platform == \"win32\" and extra == \"test\"",
            "unittest2; python_version < \"3.0\" and extra == \"test\"",
            "wmi; sys_platform == \"win32\" and extra == \"test\""
          ],
          "requires_python": "!=3.0.*,!=3.1.*,!=3.2.*,!=3.3.*,>=2.6",
          "version": "5.9"
        },
        {
          "artifacts": [
            {
              "algorithm": "sha256",
              "hash": "5026bae9a10eeaefb61dab2f09052b9f4307d44aee4eda64b309723d8d206bbc",
              "url": "https://files.pythonhosted.org/packages/6c/10/a7d0fa5baea8fe7b50f448ab742f26f52b80bfca85ac2be9d35cdd9a3246/pyparsing-3.0.9-py3-none-any.whl"
            },
            {
              "algorithm": "sha256",
              "hash": "2b020ecf7d21b687f219b71ecad3631f644a47f01403fa1d1036b0c6416d70fb",
              "url": "https://files.pythonhosted.org/packages/71/22/207523d16464c40a0310d2d4d8926daffa00ac1f5b1576170a32db749636/pyparsing-3.0.9.tar.gz"
            }
          ],
          "project_name": "pyparsing",
          "requires_dists": [
            "jinja2; extra == \"diagrams\"",
            "railroad-diagrams; extra == \"diagrams\""
          ],
          "requires_python": ">=3.6.8",
          "version": "3.0.9"
        },
        {
          "artifacts": [
            {
              "algorithm": "sha256",
              "hash": "079b143be64b0a378bdb21dff5e28a8c1393fe7e8a654ef068322d754e545fc7",
              "url": "https://files.pythonhosted.org/packages/06/ee/754bfd5f6bfe7162c10d3ecb0aeef6f882f91d3231596c83f761a75efd0b/python_lsp_jsonrpc-1.0.0-py3-none-any.whl"
            },
            {
              "algorithm": "sha256",
              "hash": "7bec170733db628d3506ea3a5288ff76aa33c70215ed223abdb0d95e957660bd",
              "url": "https://files.pythonhosted.org/packages/99/45/1c2a272950679af529f7360af6ee567ef266f282e451be926329e8d50d84/python-lsp-jsonrpc-1.0.0.tar.gz"
            }
          ],
          "project_name": "python-lsp-jsonrpc",
          "requires_dists": [
            "coverage; extra == \"test\"",
            "pycodestyle; extra == \"test\"",
            "pyflakes; extra == \"test\"",
            "pylint; extra == \"test\"",
            "pytest-cov; extra == \"test\"",
            "pytest; extra == \"test\"",
            "ujson>=3.0.0"
          ],
          "requires_python": null,
          "version": "1"
        },
        {
          "artifacts": [
            {
              "algorithm": "sha256",
              "hash": "40527857252b61eacd1d9af500c3337ba8deb8fc298940291486c465c8b46ec0",
              "url": "https://files.pythonhosted.org/packages/12/fc/a4d5a7554e0067677823f7265cb3ae22aed8a238560b5133b58cda252dad/PyYAML-6.0-cp39-cp39-manylinux_2_5_x86_64.manylinux1_x86_64.manylinux_2_12_x86_64.manylinux2010_x86_64.whl"
            },
            {
              "algorithm": "sha256",
              "hash": "d67d839ede4ed1b28a4e8909735fc992a923cdb84e618544973d7dfc71540803",
              "url": "https://files.pythonhosted.org/packages/21/67/b42191239c5650c9e419c4a08a7a022bbf1abf55b0391c380a72c3af5462/PyYAML-6.0-cp39-cp39-manylinux_2_17_aarch64.manylinux2014_aarch64.whl"
            },
            {
              "algorithm": "sha256",
              "hash": "68fb519c14306fec9720a2a5b45bc9f0c8d1b9c72adf45c37baedfcd949c35a2",
              "url": "https://files.pythonhosted.org/packages/36/2b/61d51a2c4f25ef062ae3f74576b01638bebad5e045f747ff12643df63844/PyYAML-6.0.tar.gz"
            },
            {
              "algorithm": "sha256",
              "hash": "e61ceaab6f49fb8bdfaa0f92c4b57bcfbea54c09277b1b4f7ac376bfb7a7c174",
              "url": "https://files.pythonhosted.org/packages/67/d4/b95266228a25ef5bd70984c08b4efce2c035a4baa5ccafa827b266e3dc36/PyYAML-6.0-cp39-cp39-macosx_11_0_arm64.whl"
            },
            {
              "algorithm": "sha256",
              "hash": "cba8c411ef271aa037d7357a2bc8f9ee8b58b9965831d9e51baf703280dc73d3",
              "url": "https://files.pythonhosted.org/packages/77/da/e845437ffe0dffae4e7562faf23a4f264d886431c5d2a2816c853288dc8e/PyYAML-6.0-cp39-cp39-manylinux_2_17_s390x.manylinux2014_s390x.whl"
            },
            {
              "algorithm": "sha256",
              "hash": "055d937d65826939cb044fc8c9b08889e8c743fdc6a32b33e2390f66013e449b",
              "url": "https://files.pythonhosted.org/packages/f5/6f/b8b4515346af7c33d3b07cd8ca8ea0700ca72e8d7a750b2b87ac0268ca4e/PyYAML-6.0-cp39-cp39-macosx_10_9_x86_64.whl"
            }
          ],
          "project_name": "pyyaml",
          "requires_dists": [],
          "requires_python": ">=3.6",
          "version": "6"
        },
        {
          "artifacts": [
            {
              "algorithm": "sha256",
              "hash": "8fefa2a1a1365bf5520aac41836fbee479da67864514bdb821f31ce07ce65349",
              "url": "https://files.pythonhosted.org/packages/ca/91/6d9b8ccacd0412c08820f72cebaa4f0c0441b5cda699c90f618b6f8a1b42/requests-2.28.1-py3-none-any.whl"
            },
            {
              "algorithm": "sha256",
              "hash": "7c5599b102feddaa661c826c56ab4fee28bfd17f5abca1ebbe3e7f19d7c97983",
              "url": "https://files.pythonhosted.org/packages/a5/61/a867851fd5ab77277495a8709ddda0861b28163c4613b011bc00228cc724/requests-2.28.1.tar.gz"
            }
          ],
          "project_name": "requests",
          "requires_dists": [
            "PySocks!=1.5.7,>=1.5.6; extra == \"socks\"",
            "certifi>=2017.4.17",
            "chardet<6,>=3.0.2; extra == \"use_chardet_on_py3\"",
            "charset-normalizer<3,>=2",
            "idna<4,>=2.5",
            "urllib3<1.27,>=1.21.1"
          ],
          "requires_python": "<4,>=3.7",
          "version": "2.28.1"
        },
        {
          "artifacts": [
            {
              "algorithm": "sha256",
              "hash": "3f6136966c81daaf5b4b010613fe33240a045a4036132ef040b623e35772d998",
              "url": "https://files.pythonhosted.org/packages/69/ed/20c8af2af9ec869696e8a4a777b920d9e7c7c7ce5f3f34444329f84d5953/setproctitle-1.2.2-cp39-cp39-manylinux2014_aarch64.whl"
            },
            {
              "algorithm": "sha256",
              "hash": "970798d948f0c90a3eb0f8750f08cb215b89dcbee1b55ffb353ad62d9361daeb",
              "url": "https://files.pythonhosted.org/packages/5e/59/f9fef4d0682ff03a392365322d160d8ca5257a0a782b93cea7cb7658e53e/setproctitle-1.2.2-cp39-cp39-manylinux1_x86_64.whl"
            },
            {
              "algorithm": "sha256",
              "hash": "7dfb472c8852403d34007e01d6e3c68c57eb66433fb8a5c77b13b89a160d97df",
              "url": "https://files.pythonhosted.org/packages/a1/7f/a1d4f4c7b66f0fc02f35dc5c85f45a8b4e4a7988357a29e61c14e725ef86/setproctitle-1.2.2.tar.gz"
            },
            {
              "algorithm": "sha256",
              "hash": "077943272d0490b3f43d17379432d5e49c263f608fdf4cf624b419db762ca72b",
              "url": "https://files.pythonhosted.org/packages/b6/5d/c09df79458318acf027e9ccab1b8c13a26314fba302de35ca0aa7f21f76e/setproctitle-1.2.2-cp39-cp39-manylinux1_i686.whl"
            }
          ],
          "project_name": "setproctitle",
          "requires_dists": [
            "pytest<6.2,>=6.1; extra == \"test\""
          ],
          "requires_python": ">=3.6",
          "version": "1.2.2"
        },
        {
          "artifacts": [
            {
              "algorithm": "sha256",
              "hash": "60d78588f15b048f86e35cdab73003d8b21dd45108ee61a6693881a427f22073",
              "url": "https://files.pythonhosted.org/packages/4b/b9/71687c5d2034c863db1db2e0704f5e27581ff3cb44d7f293968c5e08ceb3/setuptools-57.5.0-py3-none-any.whl"
            },
            {
              "algorithm": "sha256",
              "hash": "d9d3266d50f59c6967b9312844470babbdb26304fe740833a5f8d89829ba3a24",
              "url": "https://files.pythonhosted.org/packages/20/f7/205a71cc9cc68f23afd9f3083002d0fb0a8c2277baf41a528395552e13c0/setuptools-57.5.0.tar.gz"
            }
          ],
          "project_name": "setuptools",
          "requires_dists": [
            "flake8-2020; extra == \"testing\"",
            "furo; extra == \"docs\"",
            "jaraco.envs; extra == \"testing\"",
            "jaraco.packaging>=8.2; extra == \"docs\"",
            "jaraco.path>=3.2.0; extra == \"testing\"",
            "jaraco.tidelift>=1.4; extra == \"docs\"",
            "mock; extra == \"testing\"",
            "paver; extra == \"testing\"",
            "pip>=19.1; extra == \"testing\"",
            "pygments-github-lexers==0.0.5; extra == \"docs\"",
            "pytest-black>=0.3.7; platform_python_implementation != \"PyPy\" and extra == \"testing\"",
            "pytest-checkdocs>=2.4; extra == \"testing\"",
            "pytest-cov; extra == \"testing\"",
            "pytest-enabler>=1.0.1; extra == \"testing\"",
            "pytest-flake8; extra == \"testing\"",
            "pytest-mypy; platform_python_implementation != \"PyPy\" and extra == \"testing\"",
            "pytest-virtualenv>=1.2.7; extra == \"testing\"",
            "pytest-xdist; extra == \"testing\"",
            "pytest>=4.6; extra == \"testing\"",
            "rst.linker>=1.9; extra == \"docs\"",
            "sphinx-inline-tabs; extra == \"docs\"",
            "sphinx; extra == \"docs\"",
            "sphinx; extra == \"testing\"",
            "sphinxcontrib-towncrier; extra == \"docs\"",
            "virtualenv>=13.0.0; extra == \"testing\"",
            "wheel; extra == \"testing\""
          ],
          "requires_python": ">=3.6",
          "version": "57.5"
        },
        {
          "artifacts": [
            {
              "algorithm": "sha256",
              "hash": "8abb2f1d86890a2dfb989f9a77cfcfd3e47c2a354b01111771326f8aa26e0254",
              "url": "https://files.pythonhosted.org/packages/d9/5a/e7c31adbe875f2abbb91bd84cf2dc52d792b5a01506781dbcf25c91daf11/six-1.16.0-py2.py3-none-any.whl"
            },
            {
              "algorithm": "sha256",
              "hash": "1e61c37477a1626458e36f7b1d82aa5c9b094fa4802892072e49de9c60c4c926",
              "url": "https://files.pythonhosted.org/packages/71/39/171f1c67cd00715f190ba0b100d606d440a28c93c7714febeca8b79af85e/six-1.16.0.tar.gz"
            }
          ],
          "project_name": "six",
          "requires_dists": [],
          "requires_python": "!=3.0.*,!=3.1.*,!=3.2.*,>=2.7",
          "version": "1.16"
        },
        {
          "artifacts": [
            {
              "algorithm": "sha256",
              "hash": "806143ae5bfb6a3c6e736a764057db0e6a0e05e338b5630894a5f779cabb4f9b",
              "url": "https://files.pythonhosted.org/packages/44/6f/7120676b6d73228c96e17f1f794d8ab046fc910d781c8d151120c3f1569e/toml-0.10.2-py2.py3-none-any.whl"
            },
            {
              "algorithm": "sha256",
              "hash": "b3bda1d108d5dd99f4a20d24d9c348e91c4db7ab1b749200bded2f839ccbe68f",
              "url": "https://files.pythonhosted.org/packages/be/ba/1f744cdc819428fc6b5084ec34d9b30660f6f9daaf70eead706e3203ec3c/toml-0.10.2.tar.gz"
            }
          ],
          "project_name": "toml",
          "requires_dists": [],
          "requires_python": "!=3.0.*,!=3.1.*,!=3.2.*,>=2.6",
          "version": "0.10.2"
        },
        {
          "artifacts": [
            {
              "algorithm": "sha256",
              "hash": "8b50294b55a9db89498cdc5a65b1b4545112b6cd1cf4465bd693d828b0282a17",
              "url": "https://files.pythonhosted.org/packages/47/be/b5e816c7299fa0a9f5b96ab7ae13920d51dfc90948b902de37935e0efa79/types_PyYAML-6.0.3-py3-none-any.whl"
            },
            {
              "algorithm": "sha256",
              "hash": "6ea4eefa8579e0ce022f785a62de2bcd647fad4a81df5cf946fd67e4b059920b",
              "url": "https://files.pythonhosted.org/packages/20/7f/cbc2bd9be03869a81213047170c13011024f2915d53e598c105d5f326d56/types-PyYAML-6.0.3.tar.gz"
            }
          ],
          "project_name": "types-pyyaml",
          "requires_dists": [],
          "requires_python": null,
          "version": "6.0.3"
        },
        {
          "artifacts": [
            {
              "algorithm": "sha256",
              "hash": "ffda504687ea02d4b7751c0d1df517fbbcdc276836d90849e4f1a5f1ccd79f01",
              "url": "https://files.pythonhosted.org/packages/45/b1/27697655069b62fecf307ff1f41feed88461a13b228556eb5d373ef34cb3/types_setuptools-57.4.7-py3-none-any.whl"
            },
            {
              "algorithm": "sha256",
              "hash": "9677d969b00ec1c14552f5be2b2b47a6fbea4d0ed4de0fdcee18abdaa0cc9267",
              "url": "https://files.pythonhosted.org/packages/4a/cf/efee0a144d93e4c53a24555740c353b6b75b220aed9d35f7c2c0a0644ee2/types-setuptools-57.4.7.tar.gz"
            }
          ],
          "project_name": "types-setuptools",
          "requires_dists": [],
          "requires_python": null,
          "version": "57.4.7"
        },
        {
          "artifacts": [
            {
              "algorithm": "sha256",
              "hash": "988457744d9774d194e3539388772e3a685d8057b7c4a89407afeb0a6cbd1b14",
              "url": "https://files.pythonhosted.org/packages/ee/9b/b3842f13b52b8d178dbc9f7caf28f4691a78d4fb54abeddb2e006f7cee70/types_toml-0.10.3-py3-none-any.whl"
            },
            {
              "algorithm": "sha256",
              "hash": "215a7a79198651ec5bdfd66193c1e71eb681a42f3ef7226c9af3123ced62564a",
              "url": "https://files.pythonhosted.org/packages/50/3b/35235a16f2710d0450c2e16861753e669c238bcb8c82afd4d959533d0dc1/types-toml-0.10.3.tar.gz"
            }
          ],
          "project_name": "types-toml",
          "requires_dists": [],
          "requires_python": null,
          "version": "0.10.3"
        },
        {
          "artifacts": [
            {
              "algorithm": "sha256",
              "hash": "7f001e5ac290a0c0401508864c7ec868be4e701886d5b573a9528ed3973d9d3b",
              "url": "https://files.pythonhosted.org/packages/05/e4/baf0031e39cf545f0c9edd5b1a2ea12609b7fcba2d58e118b11753d68cf0/typing_extensions-4.0.1-py3-none-any.whl"
            },
            {
              "algorithm": "sha256",
              "hash": "4ca091dea149f945ec56afb48dae714f21e8692ef22a395223bcd328961b6a0e",
              "url": "https://files.pythonhosted.org/packages/0d/4a/60ba3706797b878016f16edc5fbaf1e222109e38d0fa4d7d9312cb53f8dd/typing_extensions-4.0.1.tar.gz"
            }
          ],
          "project_name": "typing-extensions",
          "requires_dists": [],
          "requires_python": ">=3.6",
          "version": "4.0.1"
        },
        {
          "artifacts": [
            {
              "algorithm": "sha256",
              "hash": "bca074d08f0677f05df8170b25ce6e61db3bcdfda78062444972fa6508dc825f",
              "url": "https://files.pythonhosted.org/packages/bd/a5/81e34d1e05a8d2fc4002c7913bc336be491c14ed67c10f1039ce470874a3/ujson-5.6.0-pp39-pypy39_pp73-manylinux_2_5_i686.manylinux1_i686.manylinux_2_17_i686.manylinux2014_i686.whl"
            },
            {
              "algorithm": "sha256",
              "hash": "3f00dff3bf26bbb96791ceaf51ca95a3f34e2a21985748da855a650c38633b99",
              "url": "https://files.pythonhosted.org/packages/01/7c/2959cbc544f63eb19473d188d86174a6f39c8f751168ea0a43cdd01978f3/ujson-5.6.0-cp39-cp39-macosx_10_9_x86_64.whl"
            },
            {
              "algorithm": "sha256",
              "hash": "a51cbe614acb5ea8e2006e4fd80b4e8ea7c51ae51e42c75290012f4925a9d6ab",
              "url": "https://files.pythonhosted.org/packages/0b/db/72ab79518ecc94f23a5a47a2001b6e4e6794f01853428d4ca6a7aeaa8152/ujson-5.6.0-cp39-cp39-manylinux_2_17_aarch64.manylinux2014_aarch64.whl"
            },
            {
              "algorithm": "sha256",
              "hash": "f881e2d8a022e9285aa2eab6ba8674358dbcb2b57fa68618d88d62937ac3ff04",
              "url": "https://files.pythonhosted.org/packages/45/48/466d672c53fcb93d64a2817e3a0306214103e3baba109821c88e1150c100/ujson-5.6.0.tar.gz"
            },
            {
              "algorithm": "sha256",
              "hash": "d6f4be832d97836d62ac0c148026ec021f9f36481f38e455b51538fcd949ed2a",
              "url": "https://files.pythonhosted.org/packages/46/71/ba0c0fc48b00b58f83fcec87a03422b6e900320c63cc5f6452e2645ebf18/ujson-5.6.0-pp39-pypy39_pp73-manylinux_2_17_x86_64.manylinux2014_x86_64.whl"
            },
            {
              "algorithm": "sha256",
              "hash": "20d929a27822cb79e034cc5e0bb62daa0257ab197247cb6f35d5149f2f438983",
              "url": "https://files.pythonhosted.org/packages/5b/ce/f75c40db348d924971455f41f6d3f5bee8174cc6fab7b8d13c11e90b83fc/ujson-5.6.0-cp39-cp39-manylinux_2_5_i686.manylinux1_i686.manylinux_2_17_i686.manylinux2014_i686.whl"
            },
            {
              "algorithm": "sha256",
              "hash": "b2aece7a92dffc9c78787f5f36e47e24b95495812270c27abc2fa430435a931d",
              "url": "https://files.pythonhosted.org/packages/62/50/3ab102908a6a6e1884cd66d493c6d03660a8fa36ab8ec94002f676b63677/ujson-5.6.0-cp39-cp39-manylinux_2_17_x86_64.manylinux2014_x86_64.whl"
            },
            {
              "algorithm": "sha256",
              "hash": "c4277f6b1d24be30b7f87ec5346a87693cbc1e55bbc5877f573381b2250c4dd6",
              "url": "https://files.pythonhosted.org/packages/82/b0/d77702c0842c7f9d4fbb7b9fb7c4680984da0c45624e5871809f8ef49f0c/ujson-5.6.0-pp39-pypy39_pp73-manylinux_2_17_aarch64.manylinux2014_aarch64.whl"
            },
            {
              "algorithm": "sha256",
              "hash": "5e5715b0e2767b1987ceed0066980fc0a53421dd2f197b4f88460d474d6aef4c",
              "url": "https://files.pythonhosted.org/packages/9a/b5/7b5c89063558aabf65d625c552c85aee3aead2e99e2c2aede5045668bbc0/ujson-5.6.0-cp39-cp39-musllinux_1_1_x86_64.whl"
            },
            {
              "algorithm": "sha256",
              "hash": "355ef5311854936b9edc7f1ce638f8257cb45fb6b9873f6b2d16a715eafc9570",
              "url": "https://files.pythonhosted.org/packages/a1/60/fe4d7a34b546108a61fe657b93acf7b736f6d1229d9b5f066d69bba1c718/ujson-5.6.0-pp39-pypy39_pp73-macosx_10_9_x86_64.whl"
            },
            {
              "algorithm": "sha256",
              "hash": "d1b5e233e42f53bbbc6961caeb492986e9f3aeacd30be811467583203873bad2",
              "url": "https://files.pythonhosted.org/packages/b7/2a/fd2f82d576e4dce44634be0a6b17f602eb24038bd840ba9ab9205227b2fb/ujson-5.6.0-cp39-cp39-macosx_11_0_arm64.whl"
            },
            {
              "algorithm": "sha256",
              "hash": "bca3c06c3f10ce03fa80b1301dce53765815c2578a24bd141ce4e5769bb7b709",
              "url": "https://files.pythonhosted.org/packages/c4/e4/39380b7ce5e137477c346d6688ec2885e1b93ddbdbe71ae5b3749ad3e0aa/ujson-5.6.0-cp39-cp39-musllinux_1_1_i686.whl"
            },
            {
              "algorithm": "sha256",
              "hash": "7bde16cb18b95a8f68cc48715e4652b394b4fee68cb3f9fee0fd7d26b29a53b6",
              "url": "https://files.pythonhosted.org/packages/f4/cc/063ab52cfcfcc371f4e9dbd3570db3b7b4a53c122716129205c97104e602/ujson-5.6.0-cp39-cp39-musllinux_1_1_aarch64.whl"
            }
          ],
          "project_name": "ujson",
          "requires_dists": [],
          "requires_python": ">=3.7",
          "version": "5.6"
        },
        {
          "artifacts": [
            {
              "algorithm": "sha256",
              "hash": "76be024af27646d621fcfafb7f0eb15be3c198f33e646f6e753e067102cce93d",
              "url": "https://files.pythonhosted.org/packages/43/ba/a41bc5ad11e1c587bca36228f02958aea0183c76147d0329de01755a716b/underpants-0.2.3-py3-none-any.whl"
            },
            {
              "algorithm": "sha256",
              "hash": "76aa1323a54c98af390943e1e6e9233b604e3a3afb56637f23793f0713aea574",
              "url": "https://files.pythonhosted.org/packages/01/69/4fcee03c501e4fd9175b426be8542885b171ca3937a761258814bc8fc301/underpants-0.2.3.tar.gz"
            }
          ],
          "project_name": "underpants",
          "requires_dists": [
            "pantsbuild.pants<2.13,>=2.12.0a0"
          ],
          "requires_python": "<3.10,>=3.8",
          "version": "0.2.3"
        },
        {
          "artifacts": [
            {
              "algorithm": "sha256",
              "hash": "47cc05d99aaa09c9e72ed5809b60e7ba354e64b59c9c173ac3018642d8bb41fc",
              "url": "https://files.pythonhosted.org/packages/65/0c/cc6644eaa594585e5875f46f3c83ee8762b647b51fc5b0fb253a242df2dc/urllib3-1.26.13-py2.py3-none-any.whl"
            },
            {
              "algorithm": "sha256",
              "hash": "c083dd0dce68dbfbe1129d5271cb90f9447dea7d52097c6e0126120c521ddea8",
              "url": "https://files.pythonhosted.org/packages/c2/51/32da03cf19d17d46cce5c731967bf58de9bd71db3a379932f53b094deda4/urllib3-1.26.13.tar.gz"
            }
          ],
          "project_name": "urllib3",
          "requires_dists": [
            "PySocks!=1.5.7,<2.0,>=1.5.6; extra == \"socks\"",
            "brotli>=1.0.9; ((os_name != \"nt\" or python_version >= \"3\") and platform_python_implementation == \"CPython\") and extra == \"brotli\"",
            "brotlicffi>=0.8.0; ((os_name != \"nt\" or python_version >= \"3\") and platform_python_implementation != \"CPython\") and extra == \"brotli\"",
            "brotlipy>=0.6.0; (os_name == \"nt\" and python_version < \"3\") and extra == \"brotli\"",
            "certifi; extra == \"secure\"",
            "cryptography>=1.3.4; extra == \"secure\"",
            "idna>=2.0.0; extra == \"secure\"",
            "ipaddress; python_version == \"2.7\" and extra == \"secure\"",
            "pyOpenSSL>=0.14; extra == \"secure\"",
            "urllib3-secure-extra; extra == \"secure\""
          ],
          "requires_python": "!=3.0.*,!=3.1.*,!=3.2.*,!=3.3.*,!=3.4.*,!=3.5.*,>=2.7",
          "version": "1.26.13"
        }
      ],
      "platform_tag": null
    }
  ],
  "path_mappings": {},
  "pex_version": "2.1.108",
  "pip_version": "20.3.4-patched",
  "prefer_older_binary": false,
  "requirements": [
    "click",
    "pantsbuild.pants==2.12.1",
    "underpants"
  ],
  "requires_python": [
    "<3.10,>=3.9"
  ],
  "resolver_version": "pip-2020-resolver",
  "style": "universal",
  "target_systems": [
    "linux",
    "mac"
  ],
  "transitive": true,
  "use_pep517": null
}
